
Microsoft Visual Studio Solution File, Format Version 12.00
# Visual Studio Version 17
VisualStudioVersion = 17.11.35312.102
MinimumVisualStudioVersion = 10.0.40219.1
Project("{FAE04EC0-301F-11D3-BF4B-00C04F79EFBC}") = "PayMopIntegration", "PayMopIntegration.csproj", "{DF53A69E-C992-4272-AFC6-D854E533176E}"
EndProject
Global
	GlobalSection(SolutionConfigurationPlatforms) = preSolution
		Debug|Any CPU = Debug|Any CPU
		Release|Any CPU = Release|Any CPU
	EndGlobalSection
	GlobalSection(ProjectConfigurationPlatforms) = postSolution
		{DF53A69E-C992-4272-AFC6-D854E533176E}.Debug|Any CPU.ActiveCfg = Debug|Any CPU
		{DF53A69E-C992-4272-AFC6-D854E533176E}.Debug|Any CPU.Build.0 = Debug|Any CPU
		{DF53A69E-C992-4272-AFC6-D854E533176E}.Release|Any CPU.ActiveCfg = Release|Any CPU
		{DF53A69E-C992-4272-AFC6-D854E533176E}.Release|Any CPU.Build.0 = Release|Any CPU
	EndGlobalSection
	GlobalSection(SolutionProperties) = preSolution
		HideSolutionNode = FALSE
	EndGlobalSection
	GlobalSection(ExtensibilityGlobals) = postSolution
		SolutionGuid = {902BBF7A-EFBE-4AE3-99D1-24118187766A}
	EndGlobalSection
EndGlobal
